
Microsoft Visual Studio Solution File, Format Version 12.00
# Visual Studio Version 17
VisualStudioVersion = 17.9.34616.47
MinimumVisualStudioVersion = 10.0.40219.1
Project("{8BC9CEB8-8B4A-11D0-8D11-00A0C91BC942}") = "Args", "Args\Args.vcxproj", "{DE632487-3010-47B7-9461-68D4D73D0AB3}"
EndProject
Global
	GlobalSection(SolutionConfigurationPlatforms) = preSolution
		Debug|x64 = Debug|x64
		Debug|x86 = Debug|x86
		Release|x64 = Release|x64
		Release|x86 = Release|x86
	EndGlobalSection
	GlobalSection(ProjectConfigurationPlatforms) = postSolution
		{DE632487-3010-47B7-9461-68D4D73D0AB3}.Debug|x64.ActiveCfg = Debug|x64
		{DE632487-3010-47B7-9461-68D4D73D0AB3}.Debug|x64.Build.0 = Debug|x64
		{DE632487-3010-47B7-9461-68D4D73D0AB3}.Debug|x86.ActiveCfg = Debug|Win32
		{DE632487-3010-47B7-9461-68D4D73D0AB3}.Debug|x86.Build.0 = Debug|Win32
		{DE632487-3010-47B7-9461-68D4D73D0AB3}.Release|x64.ActiveCfg = Release|x64
		{DE632487-3010-47B7-9461-68D4D73D0AB3}.Release|x64.Build.0 = Release|x64
		{DE632487-3010-47B7-9461-68D4D73D0AB3}.Release|x86.ActiveCfg = Release|Win32
		{DE632487-3010-47B7-9461-68D4D73D0AB3}.Release|x86.Build.0 = Release|Win32
	EndGlobalSection
	GlobalSection(SolutionProperties) = preSolution
		HideSolutionNode = FALSE
	EndGlobalSection
	GlobalSection(ExtensibilityGlobals) = postSolution
		SolutionGuid = {8B9FAAC7-2A50-43D0-8588-63025F18ABFE}
	EndGlobalSection
EndGlobal
