
Microsoft Visual Studio Solution File, Format Version 12.00
# Visual Studio Version 17
VisualStudioVersion = 17.10.35122.118
MinimumVisualStudioVersion = 10.0.40219.1
Project("{8BC9CEB8-8B4A-11D0-8D11-00A0C91BC942}") = "笔试强训day- 26", "笔试强训day- 26\笔试强训day- 26.vcxproj", "{B4AF2341-010C-4704-A092-CD04E301546B}"
EndProject
Global
	GlobalSection(SolutionConfigurationPlatforms) = preSolution
		Debug|x64 = Debug|x64
		Debug|x86 = Debug|x86
		Release|x64 = Release|x64
		Release|x86 = Release|x86
	EndGlobalSection
	GlobalSection(ProjectConfigurationPlatforms) = postSolution
		{B4AF2341-010C-4704-A092-CD04E301546B}.Debug|x64.ActiveCfg = Debug|x64
		{B4AF2341-010C-4704-A092-CD04E301546B}.Debug|x64.Build.0 = Debug|x64
		{B4AF2341-010C-4704-A092-CD04E301546B}.Debug|x86.ActiveCfg = Debug|Win32
		{B4AF2341-010C-4704-A092-CD04E301546B}.Debug|x86.Build.0 = Debug|Win32
		{B4AF2341-010C-4704-A092-CD04E301546B}.Release|x64.ActiveCfg = Release|x64
		{B4AF2341-010C-4704-A092-CD04E301546B}.Release|x64.Build.0 = Release|x64
		{B4AF2341-010C-4704-A092-CD04E301546B}.Release|x86.ActiveCfg = Release|Win32
		{B4AF2341-010C-4704-A092-CD04E301546B}.Release|x86.Build.0 = Release|Win32
	EndGlobalSection
	GlobalSection(SolutionProperties) = preSolution
		HideSolutionNode = FALSE
	EndGlobalSection
	GlobalSection(ExtensibilityGlobals) = postSolution
		SolutionGuid = {2C2FD328-AA80-4A4A-8D6E-5DCD0AB46DAA}
	EndGlobalSection
EndGlobal
