
Microsoft Visual Studio Solution File, Format Version 12.00
# Visual Studio Version 17
VisualStudioVersion = 17.10.35122.118
MinimumVisualStudioVersion = 10.0.40219.1
Project("{8BC9CEB8-8B4A-11D0-8D11-00A0C91BC942}") = "笔试强训 day25", "笔试强训 day25\笔试强训 day25.vcxproj", "{B04F8844-B4C4-49D9-8353-CA40DEF28AC6}"
EndProject
Global
	GlobalSection(SolutionConfigurationPlatforms) = preSolution
		Debug|x64 = Debug|x64
		Debug|x86 = Debug|x86
		Release|x64 = Release|x64
		Release|x86 = Release|x86
	EndGlobalSection
	GlobalSection(ProjectConfigurationPlatforms) = postSolution
		{B04F8844-B4C4-49D9-8353-CA40DEF28AC6}.Debug|x64.ActiveCfg = Debug|x64
		{B04F8844-B4C4-49D9-8353-CA40DEF28AC6}.Debug|x64.Build.0 = Debug|x64
		{B04F8844-B4C4-49D9-8353-CA40DEF28AC6}.Debug|x86.ActiveCfg = Debug|Win32
		{B04F8844-B4C4-49D9-8353-CA40DEF28AC6}.Debug|x86.Build.0 = Debug|Win32
		{B04F8844-B4C4-49D9-8353-CA40DEF28AC6}.Release|x64.ActiveCfg = Release|x64
		{B04F8844-B4C4-49D9-8353-CA40DEF28AC6}.Release|x64.Build.0 = Release|x64
		{B04F8844-B4C4-49D9-8353-CA40DEF28AC6}.Release|x86.ActiveCfg = Release|Win32
		{B04F8844-B4C4-49D9-8353-CA40DEF28AC6}.Release|x86.Build.0 = Release|Win32
	EndGlobalSection
	GlobalSection(SolutionProperties) = preSolution
		HideSolutionNode = FALSE
	EndGlobalSection
	GlobalSection(ExtensibilityGlobals) = postSolution
		SolutionGuid = {6EC30138-ACFE-4B5D-B2A9-8B10A981EB24}
	EndGlobalSection
EndGlobal
